
Microsoft Visual Studio Solution File, Format Version 12.00
# Visual Studio 2012
Project("{FAE04EC0-301F-11D3-BF4B-00C04F79EFBC}") = "timeLogApp.Web", "timeLogApp.Web\timeLogApp.Web.csproj", "{D9621BE5-A576-4E4B-8640-86231038DDDA}"
EndProject
Project("{FAE04EC0-301F-11D3-BF4B-00C04F79EFBC}") = "timeLogApp.Web.Tests", "timeLogApp.Web.Tests\timeLogApp.Web.Tests.csproj", "{8C2A9F16-4483-4F84-86B8-196596F8608B}"
EndProject
Project("{FAE04EC0-301F-11D3-BF4B-00C04F79EFBC}") = "timeLogApp.Data", "timeLogApp.Data\timeLogApp.Data.csproj", "{7C694190-D5C6-4B4C-96DA-C6AA72FBE135}"
EndProject
Project("{FAE04EC0-301F-11D3-BF4B-00C04F79EFBC}") = "timeLogApp.Shared", "timeLogApp.Shared\timeLogApp.Shared.csproj", "{9A88E304-5728-4FF3-A971-665D5CBEBA1A}"
EndProject
Global
	GlobalSection(SolutionConfigurationPlatforms) = preSolution
		Debug|Any CPU = Debug|Any CPU
		Release|Any CPU = Release|Any CPU
	EndGlobalSection
	GlobalSection(ProjectConfigurationPlatforms) = postSolution
		{D9621BE5-A576-4E4B-8640-86231038DDDA}.Debug|Any CPU.ActiveCfg = Debug|Any CPU
		{D9621BE5-A576-4E4B-8640-86231038DDDA}.Debug|Any CPU.Build.0 = Debug|Any CPU
		{D9621BE5-A576-4E4B-8640-86231038DDDA}.Release|Any CPU.ActiveCfg = Release|Any CPU
		{D9621BE5-A576-4E4B-8640-86231038DDDA}.Release|Any CPU.Build.0 = Release|Any CPU
		{8C2A9F16-4483-4F84-86B8-196596F8608B}.Debug|Any CPU.ActiveCfg = Debug|Any CPU
		{8C2A9F16-4483-4F84-86B8-196596F8608B}.Debug|Any CPU.Build.0 = Debug|Any CPU
		{8C2A9F16-4483-4F84-86B8-196596F8608B}.Release|Any CPU.ActiveCfg = Release|Any CPU
		{8C2A9F16-4483-4F84-86B8-196596F8608B}.Release|Any CPU.Build.0 = Release|Any CPU
		{7C694190-D5C6-4B4C-96DA-C6AA72FBE135}.Debug|Any CPU.ActiveCfg = Debug|Any CPU
		{7C694190-D5C6-4B4C-96DA-C6AA72FBE135}.Debug|Any CPU.Build.0 = Debug|Any CPU
		{7C694190-D5C6-4B4C-96DA-C6AA72FBE135}.Release|Any CPU.ActiveCfg = Release|Any CPU
		{7C694190-D5C6-4B4C-96DA-C6AA72FBE135}.Release|Any CPU.Build.0 = Release|Any CPU
		{9A88E304-5728-4FF3-A971-665D5CBEBA1A}.Debug|Any CPU.ActiveCfg = Debug|Any CPU
		{9A88E304-5728-4FF3-A971-665D5CBEBA1A}.Debug|Any CPU.Build.0 = Debug|Any CPU
		{9A88E304-5728-4FF3-A971-665D5CBEBA1A}.Release|Any CPU.ActiveCfg = Release|Any CPU
		{9A88E304-5728-4FF3-A971-665D5CBEBA1A}.Release|Any CPU.Build.0 = Release|Any CPU
	EndGlobalSection
	GlobalSection(SolutionProperties) = preSolution
		HideSolutionNode = FALSE
	EndGlobalSection
EndGlobal
